// !$*UTF8*$!
{
	archiveVersion = 1;
	classes = {
	};
	objectVersion = 50;
	objects = {

/* Begin PBXBuildFile section */
		9699DCF520DB66B500896914 /* AppDelegate.m in Sources */ = {isa = PBXBuildFile; fileRef = 9699DCF420DB66B500896914 /* AppDelegate.m */; };
		9699DCF820DB66B500896914 /* ViewController.m in Sources */ = {isa = PBXBuildFile; fileRef = 9699DCF720DB66B500896914 /* ViewController.m */; };
		9699DCFB20DB66B500896914 /* Main.storyboard in Resources */ = {isa = PBXBuildFile; fileRef = 9699DCF920DB66B500896914 /* Main.storyboard */; };
		9699DCFD20DB66B600896914 /* Assets.xcassets in Resources */ = {isa = PBXBuildFile; fileRef = 9699DCFC20DB66B600896914 /* Assets.xcassets */; };
		9699DD0020DB66B600896914 /* LaunchScreen.storyboard in Resources */ = {isa = PBXBuildFile; fileRef = 9699DCFE20DB66B600896914 /* LaunchScreen.storyboard */; };
		9699DD0320DB66B600896914 /* main.m in Sources */ = {isa = PBXBuildFile; fileRef = 9699DD0220DB66B600896914 /* main.m */; };
		9699DD0D20DB66B600896914 /* LightWightNetUtilTests.m in Sources */ = {isa = PBXBuildFile; fileRef = 9699DD0C20DB66B600896914 /* LightWightNetUtilTests.m */; };
		9699DD1820DB66B600896914 /* LightWightNetUtilUITests.m in Sources */ = {isa = PBXBuildFile; fileRef = 9699DD1720DB66B600896914 /* LightWightNetUtilUITests.m */; };
		9699DD2820DB686D00896914 /* NetUtilManager.m in Sources */ = {isa = PBXBuildFile; fileRef = 9699DD2720DB686D00896914 /* NetUtilManager.m */; };
		9699DD2C20DB7A8600896914 /* NSObject+DictToModel.m in Sources */ = {isa = PBXBuildFile; fileRef = 9699DD2B20DB7A8600896914 /* NSObject+DictToModel.m */; };
/* End PBXBuildFile section */

/* Begin PBXContainerItemProxy section */
		9699DD0920DB66B600896914 /* PBXContainerItemProxy */ = {
			isa = PBXContainerItemProxy;
			containerPortal = 9699DCE820DB66B500896914 /* Project object */;
			proxyType = 1;
			remoteGlobalIDString = 9699DCEF20DB66B500896914;
			remoteInfo = LightWightNetUtil;
		};
		9699DD1420DB66B600896914 /* PBXContainerItemProxy */ = {
			isa = PBXContainerItemProxy;
			containerPortal = 9699DCE820DB66B500896914 /* Project object */;
			proxyType = 1;
			remoteGlobalIDString = 9699DCEF20DB66B500896914;
			remoteInfo = LightWightNetUtil;
		};
/* End PBXContainerItemProxy section */

/* Begin PBXFileReference section */
		9699DCF020DB66B500896914 /* LightWightNetUtil.app */ = {isa = PBXFileReference; explicitFileType = wrapper.application; includeInIndex = 0; path = LightWightNetUtil.app; sourceTree = BUILT_PRODUCTS_DIR; };
		9699DCF320DB66B500896914 /* AppDelegate.h */ = {isa = PBXFileReference; lastKnownFileType = sourcecode.c.h; path = AppDelegate.h; sourceTree = "<group>"; };
		9699DCF420DB66B500896914 /* AppDelegate.m */ = {isa = PBXFileReference; lastKnownFileType = sourcecode.c.objc; path = AppDelegate.m; sourceTree = "<group>"; };
		9699DCF620DB66B500896914 /* ViewController.h */ = {isa = PBXFileReference; lastKnownFileType = sourcecode.c.h; path = ViewController.h; sourceTree = "<group>"; };
		9699DCF720DB66B500896914 /* ViewController.m */ = {isa = PBXFileReference; lastKnownFileType = sourcecode.c.objc; path = ViewController.m; sourceTree = "<group>"; };
		9699DCFA20DB66B500896914 /* Base */ = {isa = PBXFileReference; lastKnownFileType = file.storyboard; name = Base; path = Base.lproj/Main.storyboard; sourceTree = "<group>"; };
		9699DCFC20DB66B600896914 /* Assets.xcassets */ = {isa = PBXFileReference; lastKnownFileType = folder.assetcatalog; path = Assets.xcassets; sourceTree = "<group>"; };
		9699DCFF20DB66B600896914 /* Base */ = {isa = PBXFileReference; lastKnownFileType = file.storyboard; name = Base; path = Base.lproj/LaunchScreen.storyboard; sourceTree = "<group>"; };
		9699DD0120DB66B600896914 /* Info.plist */ = {isa = PBXFileReference; lastKnownFileType = text.plist.xml; path = Info.plist; sourceTree = "<group>"; };
		9699DD0220DB66B600896914 /* main.m */ = {isa = PBXFileReference; lastKnownFileType = sourcecode.c.objc; path = main.m; sourceTree = "<group>"; };
		9699DD0820DB66B600896914 /* LightWightNetUtilTests.xctest */ = {isa = PBXFileReference; explicitFileType = wrapper.cfbundle; includeInIndex = 0; path = LightWightNetUtilTests.xctest; sourceTree = BUILT_PRODUCTS_DIR; };
		9699DD0C20DB66B600896914 /* LightWightNetUtilTests.m */ = {isa = PBXFileReference; lastKnownFileType = sourcecode.c.objc; path = LightWightNetUtilTests.m; sourceTree = "<group>"; };
		9699DD0E20DB66B600896914 /* Info.plist */ = {isa = PBXFileReference; lastKnownFileType = text.plist.xml; path = Info.plist; sourceTree = "<group>"; };
		9699DD1320DB66B600896914 /* LightWightNetUtilUITests.xctest */ = {isa = PBXFileReference; explicitFileType = wrapper.cfbundle; includeInIndex = 0; path = LightWightNetUtilUITests.xctest; sourceTree = BUILT_PRODUCTS_DIR; };
		9699DD1720DB66B600896914 /* LightWightNetUtilUITests.m */ = {isa = PBXFileReference; lastKnownFileType = sourcecode.c.objc; path = LightWightNetUtilUITests.m; sourceTree = "<group>"; };
		9699DD1920DB66B600896914 /* Info.plist */ = {isa = PBXFileReference; lastKnownFileType = text.plist.xml; path = Info.plist; sourceTree = "<group>"; };
		9699DD2620DB686D00896914 /* NetUtilManager.h */ = {isa = PBXFileReference; lastKnownFileType = sourcecode.c.h; path = NetUtilManager.h; sourceTree = "<group>"; };
		9699DD2720DB686D00896914 /* NetUtilManager.m */ = {isa = PBXFileReference; lastKnownFileType = sourcecode.c.objc; path = NetUtilManager.m; sourceTree = "<group>"; };
		9699DD2A20DB7A8600896914 /* NSObject+DictToModel.h */ = {isa = PBXFileReference; lastKnownFileType = sourcecode.c.h; path = "NSObject+DictToModel.h"; sourceTree = "<group>"; };
		9699DD2B20DB7A8600896914 /* NSObject+DictToModel.m */ = {isa = PBXFileReference; lastKnownFileType = sourcecode.c.objc; path = "NSObject+DictToModel.m"; sourceTree = "<group>"; };
/* End PBXFileReference section */

/* Begin PBXFrameworksBuildPhase section */
		9699DCED20DB66B500896914 /* Frameworks */ = {
			isa = PBXFrameworksBuildPhase;
			buildActionMask = 2147483647;
			files = (
			);
			runOnlyForDeploymentPostprocessing = 0;
		};
		9699DD0520DB66B600896914 /* Frameworks */ = {
			isa = PBXFrameworksBuildPhase;
			buildActionMask = 2147483647;
			files = (
			);
			runOnlyForDeploymentPostprocessing = 0;
		};
		9699DD1020DB66B600896914 /* Frameworks */ = {
			isa = PBXFrameworksBuildPhase;
			buildActionMask = 2147483647;
			files = (
			);
			runOnlyForDeploymentPostprocessing = 0;
		};
/* End PBXFrameworksBuildPhase section */

/* Begin PBXGroup section */
		9699DCE720DB66B500896914 = {
			isa = PBXGroup;
			children = (
				9699DCF220DB66B500896914 /* LightWightNetUtil */,
				9699DD0B20DB66B600896914 /* LightWightNetUtilTests */,
				9699DD1620DB66B600896914 /* LightWightNetUtilUITests */,
				9699DCF120DB66B500896914 /* Products */,
			);
			sourceTree = "<group>";
		};
		9699DCF120DB66B500896914 /* Products */ = {
			isa = PBXGroup;
			children = (
				9699DCF020DB66B500896914 /* LightWightNetUtil.app */,
				9699DD0820DB66B600896914 /* LightWightNetUtilTests.xctest */,
				9699DD1320DB66B600896914 /* LightWightNetUtilUITests.xctest */,
			);
			name = Products;
			sourceTree = "<group>";
		};
		9699DCF220DB66B500896914 /* LightWightNetUtil */ = {
			isa = PBXGroup;
			children = (
				9699DD2520DB681400896914 /* NetUtil */,
				9699DCF320DB66B500896914 /* AppDelegate.h */,
				9699DCF420DB66B500896914 /* AppDelegate.m */,
				9699DCF620DB66B500896914 /* ViewController.h */,
				9699DCF720DB66B500896914 /* ViewController.m */,
				9699DCF920DB66B500896914 /* Main.storyboard */,
				9699DCFC20DB66B600896914 /* Assets.xcassets */,
				9699DCFE20DB66B600896914 /* LaunchScreen.storyboard */,
				9699DD0120DB66B600896914 /* Info.plist */,
				9699DD0220DB66B600896914 /* main.m */,
			);
			path = LightWightNetUtil;
			sourceTree = "<group>";
		};
		9699DD0B20DB66B600896914 /* LightWightNetUtilTests */ = {
			isa = PBXGroup;
			children = (
				9699DD0C20DB66B600896914 /* LightWightNetUtilTests.m */,
				9699DD0E20DB66B600896914 /* Info.plist */,
			);
			path = LightWightNetUtilTests;
			sourceTree = "<group>";
		};
		9699DD1620DB66B600896914 /* LightWightNetUtilUITests */ = {
			isa = PBXGroup;
			children = (
				9699DD1720DB66B600896914 /* LightWightNetUtilUITests.m */,
				9699DD1920DB66B600896914 /* Info.plist */,
			);
			path = LightWightNetUtilUITests;
			sourceTree = "<group>";
		};
		9699DD2520DB681400896914 /* NetUtil */ = {
			isa = PBXGroup;
			children = (
				9699DD2920DB7A0900896914 /* DictToModel */,
				9699DD2620DB686D00896914 /* NetUtilManager.h */,
				9699DD2720DB686D00896914 /* NetUtilManager.m */,
			);
			path = NetUtil;
			sourceTree = "<group>";
		};
		9699DD2920DB7A0900896914 /* DictToModel */ = {
			isa = PBXGroup;
			children = (
				9699DD2A20DB7A8600896914 /* NSObject+DictToModel.h */,
				9699DD2B20DB7A8600896914 /* NSObject+DictToModel.m */,
			);
			path = DictToModel;
			sourceTree = "<group>";
		};
/* End PBXGroup section */

/* Begin PBXNativeTarget section */
		9699DCEF20DB66B500896914 /* LightWightNetUtil */ = {
			isa = PBXNativeTarget;
			buildConfigurationList = 9699DD1C20DB66B600896914 /* Build configuration list for PBXNativeTarget "LightWightNetUtil" */;
			buildPhases = (
				9699DCEC20DB66B500896914 /* Sources */,
				9699DCED20DB66B500896914 /* Frameworks */,
				9699DCEE20DB66B500896914 /* Resources */,
			);
			buildRules = (
			);
			dependencies = (
			);
			name = LightWightNetUtil;
			productName = LightWightNetUtil;
			productReference = 9699DCF020DB66B500896914 /* LightWightNetUtil.app */;
			productType = "com.apple.product-type.application";
		};
		9699DD0720DB66B600896914 /* LightWightNetUtilTests */ = {
			isa = PBXNativeTarget;
			buildConfigurationList = 9699DD1F20DB66B600896914 /* Build configuration list for PBXNativeTarget "LightWightNetUtilTests" */;
			buildPhases = (
				9699DD0420DB66B600896914 /* Sources */,
				9699DD0520DB66B600896914 /* Frameworks */,
				9699DD0620DB66B600896914 /* Resources */,
			);
			buildRules = (
			);
			dependencies = (
				9699DD0A20DB66B600896914 /* PBXTargetDependency */,
			);
			name = LightWightNetUtilTests;
			productName = LightWightNetUtilTests;
			productReference = 9699DD0820DB66B600896914 /* LightWightNetUtilTests.xctest */;
			productType = "com.apple.product-type.bundle.unit-test";
		};
		9699DD1220DB66B600896914 /* LightWightNetUtilUITests */ = {
			isa = PBXNativeTarget;
			buildConfigurationList = 9699DD2220DB66B600896914 /* Build configuration list for PBXNativeTarget "LightWightNetUtilUITests" */;
			buildPhases = (
				9699DD0F20DB66B600896914 /* Sources */,
				9699DD1020DB66B600896914 /* Frameworks */,
				9699DD1120DB66B600896914 /* Resources */,
			);
			buildRules = (
			);
			dependencies = (
				9699DD1520DB66B600896914 /* PBXTargetDependency */,
			);
			name = LightWightNetUtilUITests;
			productName = LightWightNetUtilUITests;
			productReference = 9699DD1320DB66B600896914 /* LightWightNetUtilUITests.xctest */;
			productType = "com.apple.product-type.bundle.ui-testing";
		};
/* End PBXNativeTarget section */

/* Begin PBXProject section */
		9699DCE820DB66B500896914 /* Project object */ = {
			isa = PBXProject;
			attributes = {
				LastUpgradeCheck = 0940;
				ORGANIZATIONNAME = "沛沛";
				TargetAttributes = {
					9699DCEF20DB66B500896914 = {
						CreatedOnToolsVersion = 9.4;
					};
					9699DD0720DB66B600896914 = {
						CreatedOnToolsVersion = 9.4;
						TestTargetID = 9699DCEF20DB66B500896914;
					};
					9699DD1220DB66B600896914 = {
						CreatedOnToolsVersion = 9.4;
						TestTargetID = 9699DCEF20DB66B500896914;
					};
				};
			};
			buildConfigurationList = 9699DCEB20DB66B500896914 /* Build configuration list for PBXProject "LightWightNetUtil" */;
			compatibilityVersion = "Xcode 9.3";
			developmentRegion = en;
			hasScannedForEncodings = 0;
			knownRegions = (
				en,
				Base,
			);
			mainGroup = 9699DCE720DB66B500896914;
			productRefGroup = 9699DCF120DB66B500896914 /* Products */;
			projectDirPath = "";
			projectRoot = "";
			targets = (
				9699DCEF20DB66B500896914 /* LightWightNetUtil */,
				9699DD0720DB66B600896914 /* LightWightNetUtilTests */,
				9699DD1220DB66B600896914 /* LightWightNetUtilUITests */,
			);
		};
/* End PBXProject section */

/* Begin PBXResourcesBuildPhase section */
		9699DCEE20DB66B500896914 /* Resources */ = {
			isa = PBXResourcesBuildPhase;
			buildActionMask = 2147483647;
			files = (
				9699DD0020DB66B600896914 /* LaunchScreen.storyboard in Resources */,
				9699DCFD20DB66B600896914 /* Assets.xcassets in Resources */,
				9699DCFB20DB66B500896914 /* Main.storyboard in Resources */,
			);
			runOnlyForDeploymentPostprocessing = 0;
		};
		9699DD0620DB66B600896914 /* Resources */ = {
			isa = PBXResourcesBuildPhase;
			buildActionMask = 2147483647;
			files = (
			);
			runOnlyForDeploymentPostprocessing = 0;
		};
		9699DD1120DB66B600896914 /* Resources */ = {
			isa = PBXResourcesBuildPhase;
			buildActionMask = 2147483647;
			files = (
			);
			runOnlyForDeploymentPostprocessing = 0;
		};
/* End PBXResourcesBuildPhase section */

/* Begin PBXSourcesBuildPhase section */
		9699DCEC20DB66B500896914 /* Sources */ = {
			isa = PBXSourcesBuildPhase;
			buildActionMask = 2147483647;
			files = (
				9699DCF820DB66B500896914 /* ViewController.m in Sources */,
				9699DD0320DB66B600896914 /* main.m in Sources */,
				9699DD2C20DB7A8600896914 /* NSObject+DictToModel.m in Sources */,
				9699DCF520DB66B500896914 /* AppDelegate.m in Sources */,
				9699DD2820DB686D00896914 /* NetUtilManager.m in Sources */,
			);
			runOnlyForDeploymentPostprocessing = 0;
		};
		9699DD0420DB66B600896914 /* Sources */ = {
			isa = PBXSourcesBuildPhase;
			buildActionMask = 2147483647;
			files = (
				9699DD0D20DB66B600896914 /* LightWightNetUtilTests.m in Sources */,
			);
			runOnlyForDeploymentPostprocessing = 0;
		};
		9699DD0F20DB66B600896914 /* Sources */ = {
			isa = PBXSourcesBuildPhase;
			buildActionMask = 2147483647;
			files = (
				9699DD1820DB66B600896914 /* LightWightNetUtilUITests.m in Sources */,
			);
			runOnlyForDeploymentPostprocessing = 0;
		};
/* End PBXSourcesBuildPhase section */

/* Begin PBXTargetDependency section */
		9699DD0A20DB66B600896914 /* PBXTargetDependency */ = {
			isa = PBXTargetDependency;
			target = 9699DCEF20DB66B500896914 /* LightWightNetUtil */;
			targetProxy = 9699DD0920DB66B600896914 /* PBXContainerItemProxy */;
		};
		9699DD1520DB66B600896914 /* PBXTargetDependency */ = {
			isa = PBXTargetDependency;
			target = 9699DCEF20DB66B500896914 /* LightWightNetUtil */;
			targetProxy = 9699DD1420DB66B600896914 /* PBXContainerItemProxy */;
		};
/* End PBXTargetDependency section */

/* Begin PBXVariantGroup section */
		9699DCF920DB66B500896914 /* Main.storyboard */ = {
			isa = PBXVariantGroup;
			children = (
				9699DCFA20DB66B500896914 /* Base */,
			);
			name = Main.storyboard;
			sourceTree = "<group>";
		};
		9699DCFE20DB66B600896914 /* LaunchScreen.storyboard */ = {
			isa = PBXVariantGroup;
			children = (
				9699DCFF20DB66B600896914 /* Base */,
			);
			name = LaunchScreen.storyboard;
			sourceTree = "<group>";
		};
/* End PBXVariantGroup section */

/* Begin XCBuildConfiguration section */
		9699DD1A20DB66B600896914 /* Debug */ = {
			isa = XCBuildConfiguration;
			buildSettings = {
				ALWAYS_SEARCH_USER_PATHS = NO;
				CLANG_ANALYZER_NONNULL = YES;
				CLANG_ANALYZER_NUMBER_OBJECT_CONVERSION = YES_AGGRESSIVE;
				CLANG_CXX_LANGUAGE_STANDARD = "gnu++14";
				CLANG_CXX_LIBRARY = "libc++";
				CLANG_ENABLE_MODULES = YES;
				CLANG_ENABLE_OBJC_ARC = YES;
				CLANG_ENABLE_OBJC_WEAK = YES;
				CLANG_WARN_BLOCK_CAPTURE_AUTORELEASING = YES;
				CLANG_WARN_BOOL_CONVERSION = YES;
				CLANG_WARN_COMMA = YES;
				CLANG_WARN_CONSTANT_CONVERSION = YES;
				CLANG_WARN_DEPRECATED_OBJC_IMPLEMENTATIONS = YES;
				CLANG_WARN_DIRECT_OBJC_ISA_USAGE = YES_ERROR;
				CLANG_WARN_DOCUMENTATION_COMMENTS = YES;
				CLANG_WARN_EMPTY_BODY = YES;
				CLANG_WARN_ENUM_CONVERSION = YES;
				CLANG_WARN_INFINITE_RECURSION = YES;
				CLANG_WARN_INT_CONVERSION = YES;
				CLANG_WARN_NON_LITERAL_NULL_CONVERSION = YES;
				CLANG_WARN_OBJC_IMPLICIT_RETAIN_SELF = YES;
				CLANG_WARN_OBJC_LITERAL_CONVERSION = YES;
				CLANG_WARN_OBJC_ROOT_CLASS = YES_ERROR;
				CLANG_WARN_RANGE_LOOP_ANALYSIS = YES;
				CLANG_WARN_STRICT_PROTOTYPES = YES;
				CLANG_WARN_SUSPICIOUS_MOVE = YES;
				CLANG_WARN_UNGUARDED_AVAILABILITY = YES_AGGRESSIVE;
				CLANG_WARN_UNREACHABLE_CODE = YES;
				CLANG_WARN__DUPLICATE_METHOD_MATCH = YES;
				CODE_SIGN_IDENTITY = "iPhone Developer";
				COPY_PHASE_STRIP = NO;
				DEBUG_INFORMATION_FORMAT = dwarf;
				ENABLE_STRICT_OBJC_MSGSEND = YES;
				ENABLE_TESTABILITY = YES;
				GCC_C_LANGUAGE_STANDARD = gnu11;
				GCC_DYNAMIC_NO_PIC = NO;
				GCC_NO_COMMON_BLOCKS = YES;
				GCC_OPTIMIZATION_LEVEL = 0;
				GCC_PREPROCESSOR_DEFINITIONS = (
					"DEBUG=1",
					"$(inherited)",
				);
				GCC_WARN_64_TO_32_BIT_CONVERSION = YES;
				GCC_WARN_ABOUT_RETURN_TYPE = YES_ERROR;
				GCC_WARN_UNDECLARED_SELECTOR = YES;
				GCC_WARN_UNINITIALIZED_AUTOS = YES_AGGRESSIVE;
				GCC_WARN_UNUSED_FUNCTION = YES;
				GCC_WARN_UNUSED_VARIABLE = YES;
				IPHONEOS_DEPLOYMENT_TARGET = 11.4;
				MTL_ENABLE_DEBUG_INFO = YES;
				ONLY_ACTIVE_ARCH = YES;
				SDKROOT = iphoneos;
			};
			name = Debug;
		};
		9699DD1B20DB66B600896914 /* Release */ = {
			isa = XCBuildConfiguration;
			buildSettings = {
				ALWAYS_SEARCH_USER_PATHS = NO;
				CLANG_ANALYZER_NONNULL = YES;
				CLANG_ANALYZER_NUMBER_OBJECT_CONVERSION = YES_AGGRESSIVE;
				CLANG_CXX_LANGUAGE_STANDARD = "gnu++14";
				CLANG_CXX_LIBRARY = "libc++";
				CLANG_ENABLE_MODULES = YES;
				CLANG_ENABLE_OBJC_ARC = YES;
				CLANG_ENABLE_OBJC_WEAK = YES;
				CLANG_WARN_BLOCK_CAPTURE_AUTORELEASING = YES;
				CLANG_WARN_BOOL_CONVERSION = YES;
				CLANG_WARN_COMMA = YES;
				CLANG_WARN_CONSTANT_CONVERSION = YES;
				CLANG_WARN_DEPRECATED_OBJC_IMPLEMENTATIONS = YES;
				CLANG_WARN_DIRECT_OBJC_ISA_USAGE = YES_ERROR;
				CLANG_WARN_DOCUMENTATION_COMMENTS = YES;
				CLANG_WARN_EMPTY_BODY = YES;
				CLANG_WARN_ENUM_CONVERSION = YES;
				CLANG_WARN_INFINITE_RECURSION = YES;
				CLANG_WARN_INT_CONVERSION = YES;
				CLANG_WARN_NON_LITERAL_NULL_CONVERSION = YES;
				CLANG_WARN_OBJC_IMPLICIT_RETAIN_SELF = YES;
				CLANG_WARN_OBJC_LITERAL_CONVERSION = YES;
				CLANG_WARN_OBJC_ROOT_CLASS = YES_ERROR;
				CLANG_WARN_RANGE_LOOP_ANALYSIS = YES;
				CLANG_WARN_STRICT_PROTOTYPES = YES;
				CLANG_WARN_SUSPICIOUS_MOVE = YES;
				CLANG_WARN_UNGUARDED_AVAILABILITY = YES_AGGRESSIVE;
				CLANG_WARN_UNREACHABLE_CODE = YES;
				CLANG_WARN__DUPLICATE_METHOD_MATCH = YES;
				CODE_SIGN_IDENTITY = "iPhone Developer";
				COPY_PHASE_STRIP = NO;
				DEBUG_INFORMATION_FORMAT = "dwarf-with-dsym";
				ENABLE_NS_ASSERTIONS = NO;
				ENABLE_STRICT_OBJC_MSGSEND = YES;
				GCC_C_LANGUAGE_STANDARD = gnu11;
				GCC_NO_COMMON_BLOCKS = YES;
				GCC_WARN_64_TO_32_BIT_CONVERSION = YES;
				GCC_WARN_ABOUT_RETURN_TYPE = YES_ERROR;
				GCC_WARN_UNDECLARED_SELECTOR = YES;
				GCC_WARN_UNINITIALIZED_AUTOS = YES_AGGRESSIVE;
				GCC_WARN_UNUSED_FUNCTION = YES;
				GCC_WARN_UNUSED_VARIABLE = YES;
				IPHONEOS_DEPLOYMENT_TARGET = 11.4;
				MTL_ENABLE_DEBUG_INFO = NO;
				SDKROOT = iphoneos;
				VALIDATE_PRODUCT = YES;
			};
			name = Release;
		};
		9699DD1D20DB66B600896914 /* Debug */ = {
			isa = XCBuildConfiguration;
			buildSettings = {
				ASSETCATALOG_COMPILER_APPICON_NAME = AppIcon;
				CODE_SIGN_STYLE = Automatic;
				DEVELOPMENT_TEAM = TQL6G72335;
				INFOPLIST_FILE = LightWightNetUtil/Info.plist;
				LD_RUNPATH_SEARCH_PATHS = (
					"$(inherited)",
					"@executable_path/Frameworks",
				);
				PRODUCT_BUNDLE_IDENTIFIER = peipei.LightWightNetUtil;
				PRODUCT_NAME = "$(TARGET_NAME)";
				TARGETED_DEVICE_FAMILY = "1,2";
			};
			name = Debug;
		};
		9699DD1E20DB66B600896914 /* Release */ = {
			isa = XCBuildConfiguration;
			buildSettings = {
				ASSETCATALOG_COMPILER_APPICON_NAME = AppIcon;
				CODE_SIGN_STYLE = Automatic;
				DEVELOPMENT_TEAM = TQL6G72335;
				INFOPLIST_FILE = LightWightNetUtil/Info.plist;
				LD_RUNPATH_SEARCH_PATHS = (
					"$(inherited)",
					"@executable_path/Frameworks",
				);
				PRODUCT_BUNDLE_IDENTIFIER = peipei.LightWightNetUtil;
				PRODUCT_NAME = "$(TARGET_NAME)";
				TARGETED_DEVICE_FAMILY = "1,2";
			};
			name = Release;
		};
		9699DD2020DB66B600896914 /* Debug */ = {
			isa = XCBuildConfiguration;
			buildSettings = {
				BUNDLE_LOADER = "$(TEST_HOST)";
				CODE_SIGN_STYLE = Automatic;
				DEVELOPMENT_TEAM = TQL6G72335;
				INFOPLIST_FILE = LightWightNetUtilTests/Info.plist;
				LD_RUNPATH_SEARCH_PATHS = (
					"$(inherited)",
					"@executable_path/Frameworks",
					"@loader_path/Frameworks",
				);
				PRODUCT_BUNDLE_IDENTIFIER = peipei.LightWightNetUtilTests;
				PRODUCT_NAME = "$(TARGET_NAME)";
				TARGETED_DEVICE_FAMILY = "1,2";
				TEST_HOST = "$(BUILT_PRODUCTS_DIR)/LightWightNetUtil.app/LightWightNetUtil";
			};
			name = Debug;
		};
		9699DD2120DB66B600896914 /* Release */ = {
			isa = XCBuildConfiguration;
			buildSettings = {
				BUNDLE_LOADER = "$(TEST_HOST)";
				CODE_SIGN_STYLE = Automatic;
				DEVELOPMENT_TEAM = TQL6G72335;
				INFOPLIST_FILE = LightWightNetUtilTests/Info.plist;
				LD_RUNPATH_SEARCH_PATHS = (
					"$(inherited)",
					"@executable_path/Frameworks",
					"@loader_path/Frameworks",
				);
				PRODUCT_BUNDLE_IDENTIFIER = peipei.LightWightNetUtilTests;
				PRODUCT_NAME = "$(TARGET_NAME)";
				TARGETED_DEVICE_FAMILY = "1,2";
				TEST_HOST = "$(BUILT_PRODUCTS_DIR)/LightWightNetUtil.app/LightWightNetUtil";
			};
			name = Release;
		};
		9699DD2320DB66B600896914 /* Debug */ = {
			isa = XCBuildConfiguration;
			buildSettings = {
				CODE_SIGN_STYLE = Automatic;
				DEVELOPMENT_TEAM = TQL6G72335;
				INFOPLIST_FILE = LightWightNetUtilUITests/Info.plist;
				LD_RUNPATH_SEARCH_PATHS = (
					"$(inherited)",
					"@executable_path/Frameworks",
					"@loader_path/Frameworks",
				);
				PRODUCT_BUNDLE_IDENTIFIER = peipei.LightWightNetUtilUITests;
				PRODUCT_NAME = "$(TARGET_NAME)";
				TARGETED_DEVICE_FAMILY = "1,2";
				TEST_TARGET_NAME = LightWightNetUtil;
			};
			name = Debug;
		};
		9699DD2420DB66B600896914 /* Release */ = {
			isa = XCBuildConfiguration;
			buildSettings = {
				CODE_SIGN_STYLE = Automatic;
				DEVELOPMENT_TEAM = TQL6G72335;
				INFOPLIST_FILE = LightWightNetUtilUITests/Info.plist;
				LD_RUNPATH_SEARCH_PATHS = (
					"$(inherited)",
					"@executable_path/Frameworks",
					"@loader_path/Frameworks",
				);
				PRODUCT_BUNDLE_IDENTIFIER = peipei.LightWightNetUtilUITests;
				PRODUCT_NAME = "$(TARGET_NAME)";
				TARGETED_DEVICE_FAMILY = "1,2";
				TEST_TARGET_NAME = LightWightNetUtil;
			};
			name = Release;
		};
/* End XCBuildConfiguration section */

/* Begin XCConfigurationList section */
		9699DCEB20DB66B500896914 /* Build configuration list for PBXProject "LightWightNetUtil" */ = {
			isa = XCConfigurationList;
			buildConfigurations = (
				9699DD1A20DB66B600896914 /* Debug */,
				9699DD1B20DB66B600896914 /* Release */,
			);
			defaultConfigurationIsVisible = 0;
			defaultConfigurationName = Release;
		};
		9699DD1C20DB66B600896914 /* Build configuration list for PBXNativeTarget "LightWightNetUtil" */ = {
			isa = XCConfigurationList;
			buildConfigurations = (
				9699DD1D20DB66B600896914 /* Debug */,
				9699DD1E20DB66B600896914 /* Release */,
			);
			defaultConfigurationIsVisible = 0;
			defaultConfigurationName = Release;
		};
		9699DD1F20DB66B600896914 /* Build configuration list for PBXNativeTarget "LightWightNetUtilTests" */ = {
			isa = XCConfigurationList;
			buildConfigurations = (
				9699DD2020DB66B600896914 /* Debug */,
				9699DD2120DB66B600896914 /* Release */,
			);
			defaultConfigurationIsVisible = 0;
			defaultConfigurationName = Release;
		};
		9699DD2220DB66B600896914 /* Build configuration list for PBXNativeTarget "LightWightNetUtilUITests" */ = {
			isa = XCConfigurationList;
			buildConfigurations = (
				9699DD2320DB66B600896914 /* Debug */,
				9699DD2420DB66B600896914 /* Release */,
			);
			defaultConfigurationIsVisible = 0;
			defaultConfigurationName = Release;
		};
/* End XCConfigurationList section */
	};
	rootObject = 9699DCE820DB66B500896914 /* Project object */;
}
